# This file is automatically @generated by Cargo.
# It is not intended for manual editing.
version = 3

[[package]]
name = "adler"
version = "1.0.2"
source = "registry+https://github.com/rust-lang/crates.io-index"
checksum = "f26201604c87b1e01bd3d98f8d5d9a8fcbb815e8cedb41ffccbeb4bf593a35fe"

[[package]]
name = "asm-analyzer"
version = "0.1.0"
dependencies = [
 "capstone",
 "dot",
 "object",
]

[[package]]
name = "capstone"
version = "0.11.0"
source = "registry+https://github.com/rust-lang/crates.io-index"
checksum = "1097e608594dad3bad608295567f757742b883606fe150faf7a9740b849730d8"
dependencies = [
 "capstone-sys",
 "libc",
]

[[package]]
name = "capstone-sys"
version = "0.15.0"
source = "registry+https://github.com/rust-lang/crates.io-index"
checksum = "2e7f651d5ec4c2a2e6c508f2c8032655003cd728ec85663e9796616990e25b5a"
dependencies = [
 "cc",
 "libc",
]

[[package]]
name = "cc"
version = "1.0.77"
source = "registry+https://github.com/rust-lang/crates.io-index"
checksum = "e9f73505338f7d905b19d18738976aae232eb46b8efc15554ffc56deb5d9ebe4"

[[package]]
name = "cfg-if"
version = "1.0.0"
source = "registry+https://github.com/rust-lang/crates.io-index"
checksum = "baf1de4339761588bc0619e3cbc0120ee582ebb74b53b4efbf79117bd2da40fd"

[[package]]
name = "crc32fast"
version = "1.3.2"
source = "registry+https://github.com/rust-lang/crates.io-index"
checksum = "b540bd8bc810d3885c6ea91e2018302f68baba2129ab3e88f32389ee9370880d"
dependencies = [
 "cfg-if",
]

[[package]]
name = "dot"
version = "0.1.4"
source = "registry+https://github.com/rust-lang/crates.io-index"
checksum = "a74b6c4d4a1cff5f454164363c16b72fa12463ca6b31f4b5f2035a65fa3d5906"

[[package]]
name = "flate2"
version = "1.0.24"
source = "registry+https://github.com/rust-lang/crates.io-index"
checksum = "f82b0f4c27ad9f8bfd1f3208d882da2b09c301bc1c828fd3a00d0216d2fbbff6"
dependencies = [
 "crc32fast",
 "miniz_oxide",
]

[[package]]
name = "libc"
version = "0.2.137"
source = "registry+https://github.com/rust-lang/crates.io-index"
checksum = "fc7fcc620a3bff7cdd7a365be3376c97191aeaccc2a603e600951e452615bf89"

[[package]]
name = "memchr"
version = "2.5.0"
source = "registry+https://github.com/rust-lang/crates.io-index"
checksum = "2dffe52ecf27772e601905b7522cb4ef790d2cc203488bbd0e2fe85fcb74566d"

[[package]]
name = "miniz_oxide"
version = "0.5.4"
source = "registry+https://github.com/rust-lang/crates.io-index"
checksum = "96590ba8f175222643a85693f33d26e9c8a015f599c216509b1a6894af675d34"
dependencies = [
 "adler",
]

[[package]]
name = "object"
version = "0.30.0"
source = "registry+https://github.com/rust-lang/crates.io-index"
checksum = "239da7f290cfa979f43f85a8efeee9a8a76d0827c356d37f9d3d7254d6b537fb"
dependencies = [
 "flate2",
 "memchr",
]
